
Microsoft Visual Studio Solution File, Format Version 12.00
# Visual Studio Version 17
VisualStudioVersion = 17.3.32929.385
MinimumVisualStudioVersion = 10.0.40219.1
Project("{FAE04EC0-301F-11D3-BF4B-00C04F79EFBC}") = "Corona_M_system", "Corona_M_system\Corona_M_system.csproj", "{453399E6-041E-48A5-A95E-1537DAECBB69}"
EndProject
Global
	GlobalSection(SolutionConfigurationPlatforms) = preSolution
		Debug|Any CPU = Debug|Any CPU
		Release|Any CPU = Release|Any CPU
	EndGlobalSection
	GlobalSection(ProjectConfigurationPlatforms) = postSolution
		{453399E6-041E-48A5-A95E-1537DAECBB69}.Debug|Any CPU.ActiveCfg = Debug|Any CPU
		{453399E6-041E-48A5-A95E-1537DAECBB69}.Debug|Any CPU.Build.0 = Debug|Any CPU
		{453399E6-041E-48A5-A95E-1537DAECBB69}.Release|Any CPU.ActiveCfg = Release|Any CPU
		{453399E6-041E-48A5-A95E-1537DAECBB69}.Release|Any CPU.Build.0 = Release|Any CPU
	EndGlobalSection
	GlobalSection(SolutionProperties) = preSolution
		HideSolutionNode = FALSE
	EndGlobalSection
	GlobalSection(ExtensibilityGlobals) = postSolution
		SolutionGuid = {E0C26853-5641-48C0-A07F-AE1E91D5A31C}
	EndGlobalSection
EndGlobal
